
Microsoft Visual Studio Solution File, Format Version 12.00
# Visual Studio Version 17
VisualStudioVersion = 17.9.34728.123
MinimumVisualStudioVersion = 10.0.40219.1
Project("{2150E333-8FDC-42A3-9474-1A3956D46DE8}") = "Services", "Services", "{1BEC4ED5-53B0-4E45-825B-BEA5152E91C3}"
EndProject
Project("{2150E333-8FDC-42A3-9474-1A3956D46DE8}") = "Catalog", "Catalog", "{614837AC-7D1B-4E5B-AA5D-A98999C4D6FA}"
EndProject
Project("{FAE04EC0-301F-11D3-BF4B-00C04F79EFBC}") = "Catalog.API", "Services\Catalog\Catalog.API\Catalog.API.csproj", "{2CE5D103-5D06-4BD8-9C45-2019CBC75940}"
EndProject
Project("{2150E333-8FDC-42A3-9474-1A3956D46DE8}") = "BuildingBlock", "BuildingBlock", "{7F2B56D2-CE13-43D5-9BA4-CA5EE7A1EBF6}"
EndProject
Project("{FAE04EC0-301F-11D3-BF4B-00C04F79EFBC}") = "BuildingBlock", "BuildingBlocks\BuildingBlock\BuildingBlock.csproj", "{1BF4573C-3373-409D-83C0-372A0C299165}"
EndProject
Global
	GlobalSection(SolutionConfigurationPlatforms) = preSolution
		Debug|Any CPU = Debug|Any CPU
		Release|Any CPU = Release|Any CPU
	EndGlobalSection
	GlobalSection(ProjectConfigurationPlatforms) = postSolution
		{2CE5D103-5D06-4BD8-9C45-2019CBC75940}.Debug|Any CPU.ActiveCfg = Debug|Any CPU
		{2CE5D103-5D06-4BD8-9C45-2019CBC75940}.Debug|Any CPU.Build.0 = Debug|Any CPU
		{2CE5D103-5D06-4BD8-9C45-2019CBC75940}.Release|Any CPU.ActiveCfg = Release|Any CPU
		{2CE5D103-5D06-4BD8-9C45-2019CBC75940}.Release|Any CPU.Build.0 = Release|Any CPU
		{1BF4573C-3373-409D-83C0-372A0C299165}.Debug|Any CPU.ActiveCfg = Debug|Any CPU
		{1BF4573C-3373-409D-83C0-372A0C299165}.Debug|Any CPU.Build.0 = Debug|Any CPU
		{1BF4573C-3373-409D-83C0-372A0C299165}.Release|Any CPU.ActiveCfg = Release|Any CPU
		{1BF4573C-3373-409D-83C0-372A0C299165}.Release|Any CPU.Build.0 = Release|Any CPU
	EndGlobalSection
	GlobalSection(SolutionProperties) = preSolution
		HideSolutionNode = FALSE
	EndGlobalSection
	GlobalSection(NestedProjects) = preSolution
		{614837AC-7D1B-4E5B-AA5D-A98999C4D6FA} = {1BEC4ED5-53B0-4E45-825B-BEA5152E91C3}
		{2CE5D103-5D06-4BD8-9C45-2019CBC75940} = {614837AC-7D1B-4E5B-AA5D-A98999C4D6FA}
		{1BF4573C-3373-409D-83C0-372A0C299165} = {7F2B56D2-CE13-43D5-9BA4-CA5EE7A1EBF6}
	EndGlobalSection
	GlobalSection(ExtensibilityGlobals) = postSolution
		SolutionGuid = {70AAB367-992B-47EC-A3AC-9350F5FDCF20}
	EndGlobalSection
EndGlobal
